
Microsoft Visual Studio Solution File, Format Version 12.00
# Visual Studio Version 17
VisualStudioVersion = 17.4.33213.308
MinimumVisualStudioVersion = 10.0.40219.1
Project("{9A19103F-16F7-4668-BE54-9A1E7A4F7556}") = "Week1_Introduction", "Week1_Introduction\Week1_Introduction.csproj", "{0D2CC456-3D43-4E01-9E28-49CA0E39F62A}"
EndProject
Project("{FAE04EC0-301F-11D3-BF4B-00C04F79EFBC}") = "Week2_Classes", "Week2_Classes\Week2_Classes.csproj", "{A99078DD-2EEC-4306-91CF-7E255300E287}"
EndProject
Project("{FAE04EC0-301F-11D3-BF4B-00C04F79EFBC}") = "Week2_Inheritance", "Week2_Inheritance\Week2_Inheritance.csproj", "{AAD7431B-B1E7-4620-B23E-F9B26A38F146}"
EndProject
Project("{FAE04EC0-301F-11D3-BF4B-00C04F79EFBC}") = "Week3_Polymorphism", "Week3_Polymorphism\Week3_Polymorphism.csproj", "{33CEAABA-10F6-4F9D-8D83-F9645628652E}"
EndProject
Project("{FAE04EC0-301F-11D3-BF4B-00C04F79EFBC}") = "Week4_AbstractClassesAndInterfaces", "Week4_AbstractClassesAndInterfaces\Week4_AbstractClassesAndInterfaces.csproj", "{481F1C25-A27A-4D74-A81F-B277BA72B9A1}"
EndProject
Project("{FAE04EC0-301F-11D3-BF4B-00C04F79EFBC}") = "Week4_Worksheet6", "Week4_Worksheet6\Week4_Worksheet6.csproj", "{78F4D6E5-E06E-41A9-9621-0577102D7C1C}"
EndProject
Project("{FAE04EC0-301F-11D3-BF4B-00C04F79EFBC}") = "Week4_ClassRelationships", "Week4_ClassRelationships\Week4_ClassRelationships.csproj", "{3CD06729-0C4D-429A-A23F-424AB4C6D9BF}"
EndProject
Project("{FAE04EC0-301F-11D3-BF4B-00C04F79EFBC}") = "Week5_RelationshipsTCA2023", "Week5_RelationshipsTCA2023\Week5_RelationshipsTCA2023.csproj", "{CC55ABE6-701A-4A99-ADC0-6E450E51BB24}"
EndProject
Project("{2150E333-8FDC-42A3-9474-1A3956D46DE8}") = "Week5_3TierApplication", "Week5_3TierApplication", "{4F994217-1FE5-482B-A0CE-B61B88BCD092}"
EndProject
Project("{9A19103F-16F7-4668-BE54-9A1E7A4F7556}") = "Week5_Presentation", "Week5_Presentation\Week5_Presentation.csproj", "{CA2D6761-1DD5-4256-AA59-47FFD22A45EA}"
EndProject
Project("{9A19103F-16F7-4668-BE54-9A1E7A4F7556}") = "Week5_BusinessLogic", "Week5_BusinessLogic\Week5_BusinessLogic.csproj", "{7D84A0E8-8280-4C8F-8490-24A605DA80A7}"
EndProject
Project("{9A19103F-16F7-4668-BE54-9A1E7A4F7556}") = "Week5_DataLayer", "Week5_DataLayer\Week5_DataLayer.csproj", "{F87A483D-D83D-45BC-B826-23734AB1DF4B}"
EndProject
Project("{FAE04EC0-301F-11D3-BF4B-00C04F79EFBC}") = "Week11_SimpleDesktopApp", "Week11_SimpleDesktopApp\Week11_SimpleDesktopApp.csproj", "{5EC33E4B-A2A0-4FDF-B28A-1E2E154FC19D}"
EndProject
Global
	GlobalSection(SolutionConfigurationPlatforms) = preSolution
		Debug|Any CPU = Debug|Any CPU
		Release|Any CPU = Release|Any CPU
	EndGlobalSection
	GlobalSection(ProjectConfigurationPlatforms) = postSolution
		{0D2CC456-3D43-4E01-9E28-49CA0E39F62A}.Debug|Any CPU.ActiveCfg = Debug|Any CPU
		{0D2CC456-3D43-4E01-9E28-49CA0E39F62A}.Debug|Any CPU.Build.0 = Debug|Any CPU
		{0D2CC456-3D43-4E01-9E28-49CA0E39F62A}.Release|Any CPU.ActiveCfg = Release|Any CPU
		{0D2CC456-3D43-4E01-9E28-49CA0E39F62A}.Release|Any CPU.Build.0 = Release|Any CPU
		{A99078DD-2EEC-4306-91CF-7E255300E287}.Debug|Any CPU.ActiveCfg = Debug|Any CPU
		{A99078DD-2EEC-4306-91CF-7E255300E287}.Debug|Any CPU.Build.0 = Debug|Any CPU
		{A99078DD-2EEC-4306-91CF-7E255300E287}.Release|Any CPU.ActiveCfg = Release|Any CPU
		{A99078DD-2EEC-4306-91CF-7E255300E287}.Release|Any CPU.Build.0 = Release|Any CPU
		{AAD7431B-B1E7-4620-B23E-F9B26A38F146}.Debug|Any CPU.ActiveCfg = Debug|Any CPU
		{AAD7431B-B1E7-4620-B23E-F9B26A38F146}.Debug|Any CPU.Build.0 = Debug|Any CPU
		{AAD7431B-B1E7-4620-B23E-F9B26A38F146}.Release|Any CPU.ActiveCfg = Release|Any CPU
		{AAD7431B-B1E7-4620-B23E-F9B26A38F146}.Release|Any CPU.Build.0 = Release|Any CPU
		{33CEAABA-10F6-4F9D-8D83-F9645628652E}.Debug|Any CPU.ActiveCfg = Debug|Any CPU
		{33CEAABA-10F6-4F9D-8D83-F9645628652E}.Debug|Any CPU.Build.0 = Debug|Any CPU
		{33CEAABA-10F6-4F9D-8D83-F9645628652E}.Release|Any CPU.ActiveCfg = Release|Any CPU
		{33CEAABA-10F6-4F9D-8D83-F9645628652E}.Release|Any CPU.Build.0 = Release|Any CPU
		{481F1C25-A27A-4D74-A81F-B277BA72B9A1}.Debug|Any CPU.ActiveCfg = Debug|Any CPU
		{481F1C25-A27A-4D74-A81F-B277BA72B9A1}.Debug|Any CPU.Build.0 = Debug|Any CPU
		{481F1C25-A27A-4D74-A81F-B277BA72B9A1}.Release|Any CPU.ActiveCfg = Release|Any CPU
		{481F1C25-A27A-4D74-A81F-B277BA72B9A1}.Release|Any CPU.Build.0 = Release|Any CPU
		{78F4D6E5-E06E-41A9-9621-0577102D7C1C}.Debug|Any CPU.ActiveCfg = Debug|Any CPU
		{78F4D6E5-E06E-41A9-9621-0577102D7C1C}.Debug|Any CPU.Build.0 = Debug|Any CPU
		{78F4D6E5-E06E-41A9-9621-0577102D7C1C}.Release|Any CPU.ActiveCfg = Release|Any CPU
		{78F4D6E5-E06E-41A9-9621-0577102D7C1C}.Release|Any CPU.Build.0 = Release|Any CPU
		{3CD06729-0C4D-429A-A23F-424AB4C6D9BF}.Debug|Any CPU.ActiveCfg = Debug|Any CPU
		{3CD06729-0C4D-429A-A23F-424AB4C6D9BF}.Debug|Any CPU.Build.0 = Debug|Any CPU
		{3CD06729-0C4D-429A-A23F-424AB4C6D9BF}.Release|Any CPU.ActiveCfg = Release|Any CPU
		{3CD06729-0C4D-429A-A23F-424AB4C6D9BF}.Release|Any CPU.Build.0 = Release|Any CPU
		{CC55ABE6-701A-4A99-ADC0-6E450E51BB24}.Debug|Any CPU.ActiveCfg = Debug|Any CPU
		{CC55ABE6-701A-4A99-ADC0-6E450E51BB24}.Debug|Any CPU.Build.0 = Debug|Any CPU
		{CC55ABE6-701A-4A99-ADC0-6E450E51BB24}.Release|Any CPU.ActiveCfg = Release|Any CPU
		{CC55ABE6-701A-4A99-ADC0-6E450E51BB24}.Release|Any CPU.Build.0 = Release|Any CPU
		{CA2D6761-1DD5-4256-AA59-47FFD22A45EA}.Debug|Any CPU.ActiveCfg = Debug|Any CPU
		{CA2D6761-1DD5-4256-AA59-47FFD22A45EA}.Debug|Any CPU.Build.0 = Debug|Any CPU
		{CA2D6761-1DD5-4256-AA59-47FFD22A45EA}.Release|Any CPU.ActiveCfg = Release|Any CPU
		{CA2D6761-1DD5-4256-AA59-47FFD22A45EA}.Release|Any CPU.Build.0 = Release|Any CPU
		{7D84A0E8-8280-4C8F-8490-24A605DA80A7}.Debug|Any CPU.ActiveCfg = Debug|Any CPU
		{7D84A0E8-8280-4C8F-8490-24A605DA80A7}.Debug|Any CPU.Build.0 = Debug|Any CPU
		{7D84A0E8-8280-4C8F-8490-24A605DA80A7}.Release|Any CPU.ActiveCfg = Release|Any CPU
		{7D84A0E8-8280-4C8F-8490-24A605DA80A7}.Release|Any CPU.Build.0 = Release|Any CPU
		{F87A483D-D83D-45BC-B826-23734AB1DF4B}.Debug|Any CPU.ActiveCfg = Debug|Any CPU
		{F87A483D-D83D-45BC-B826-23734AB1DF4B}.Debug|Any CPU.Build.0 = Debug|Any CPU
		{F87A483D-D83D-45BC-B826-23734AB1DF4B}.Release|Any CPU.ActiveCfg = Release|Any CPU
		{F87A483D-D83D-45BC-B826-23734AB1DF4B}.Release|Any CPU.Build.0 = Release|Any CPU
		{5EC33E4B-A2A0-4FDF-B28A-1E2E154FC19D}.Debug|Any CPU.ActiveCfg = Debug|Any CPU
		{5EC33E4B-A2A0-4FDF-B28A-1E2E154FC19D}.Debug|Any CPU.Build.0 = Debug|Any CPU
		{5EC33E4B-A2A0-4FDF-B28A-1E2E154FC19D}.Release|Any CPU.ActiveCfg = Release|Any CPU
		{5EC33E4B-A2A0-4FDF-B28A-1E2E154FC19D}.Release|Any CPU.Build.0 = Release|Any CPU
	EndGlobalSection
	GlobalSection(SolutionProperties) = preSolution
		HideSolutionNode = FALSE
	EndGlobalSection
	GlobalSection(NestedProjects) = preSolution
		{CA2D6761-1DD5-4256-AA59-47FFD22A45EA} = {4F994217-1FE5-482B-A0CE-B61B88BCD092}
		{7D84A0E8-8280-4C8F-8490-24A605DA80A7} = {4F994217-1FE5-482B-A0CE-B61B88BCD092}
		{F87A483D-D83D-45BC-B826-23734AB1DF4B} = {4F994217-1FE5-482B-A0CE-B61B88BCD092}
	EndGlobalSection
	GlobalSection(ExtensibilityGlobals) = postSolution
		SolutionGuid = {E483A4F9-4B87-453F-8ECF-51415DA40B69}
	EndGlobalSection
EndGlobal
